
Microsoft Visual Studio Solution File, Format Version 12.00
# Visual Studio Version 17
VisualStudioVersion = 17.4.33213.308
MinimumVisualStudioVersion = 10.0.40219.1
Project("{FAE04EC0-301F-11D3-BF4B-00C04F79EFBC}") = "QuanLySinhVienCshape", "QuanLySinhVienCshape.csproj", "{87AB63C5-EF1B-44FF-B09F-4F9F538CC856}"
EndProject
Global
	GlobalSection(SolutionConfigurationPlatforms) = preSolution
		Debug|Any CPU = Debug|Any CPU
		Release|Any CPU = Release|Any CPU
	EndGlobalSection
	GlobalSection(ProjectConfigurationPlatforms) = postSolution
		{87AB63C5-EF1B-44FF-B09F-4F9F538CC856}.Debug|Any CPU.ActiveCfg = Debug|Any CPU
		{87AB63C5-EF1B-44FF-B09F-4F9F538CC856}.Debug|Any CPU.Build.0 = Debug|Any CPU
		{87AB63C5-EF1B-44FF-B09F-4F9F538CC856}.Release|Any CPU.ActiveCfg = Release|Any CPU
		{87AB63C5-EF1B-44FF-B09F-4F9F538CC856}.Release|Any CPU.Build.0 = Release|Any CPU
	EndGlobalSection
	GlobalSection(SolutionProperties) = preSolution
		HideSolutionNode = FALSE
	EndGlobalSection
	GlobalSection(ExtensibilityGlobals) = postSolution
		SolutionGuid = {D31AA1D1-A3F4-46CE-ABA5-671BC19EF36F}
	EndGlobalSection
EndGlobal
